
Microsoft Visual Studio Solution File, Format Version 12.00
# Visual Studio Version 16
VisualStudioVersion = 16.0.30907.101
MinimumVisualStudioVersion = 10.0.40219.1
Project("{FAE04EC0-301F-11D3-BF4B-00C04F79EFBC}") = "SteamPlus", "ConsoleApp2\SteamPlus.csproj", "{F27D8C27-BDD7-4FA5-992C-7178C537EC84}"
EndProject
Global
	GlobalSection(SolutionConfigurationPlatforms) = preSolution
		Debug|Any CPU = Debug|Any CPU
		Release|Any CPU = Release|Any CPU
	EndGlobalSection
	GlobalSection(ProjectConfigurationPlatforms) = postSolution
		{F27D8C27-BDD7-4FA5-992C-7178C537EC84}.Debug|Any CPU.ActiveCfg = Debug|Any CPU
		{F27D8C27-BDD7-4FA5-992C-7178C537EC84}.Debug|Any CPU.Build.0 = Debug|Any CPU
		{F27D8C27-BDD7-4FA5-992C-7178C537EC84}.Release|Any CPU.ActiveCfg = Release|Any CPU
		{F27D8C27-BDD7-4FA5-992C-7178C537EC84}.Release|Any CPU.Build.0 = Release|Any CPU
	EndGlobalSection
	GlobalSection(SolutionProperties) = preSolution
		HideSolutionNode = FALSE
	EndGlobalSection
	GlobalSection(ExtensibilityGlobals) = postSolution
		SolutionGuid = {F74E6CE2-6BA0-451A-A82E-9CB3D1AF83EB}
	EndGlobalSection
EndGlobal
